// !$*UTF8*$!
{
	archiveVersion = 1;
	classes = {
	};
	objectVersion = 48;
	objects = {

/* Begin PBXBuildFile section */
		552FB9E41FA33F6600ED2169 /* AppDelegate.swift in Sources */ = {isa = PBXBuildFile; fileRef = 552FB9E31FA33F6600ED2169 /* AppDelegate.swift */; };
		552FB9E61FA33F6600ED2169 /* ViewController.swift in Sources */ = {isa = PBXBuildFile; fileRef = 552FB9E51FA33F6600ED2169 /* ViewController.swift */; };
		552FB9E91FA33F6600ED2169 /* Main.storyboard in Resources */ = {isa = PBXBuildFile; fileRef = 552FB9E71FA33F6600ED2169 /* Main.storyboard */; };
		552FB9EB1FA33F6600ED2169 /* Assets.xcassets in Resources */ = {isa = PBXBuildFile; fileRef = 552FB9EA1FA33F6600ED2169 /* Assets.xcassets */; };
		552FB9EE1FA33F6600ED2169 /* LaunchScreen.storyboard in Resources */ = {isa = PBXBuildFile; fileRef = 552FB9EC1FA33F6600ED2169 /* LaunchScreen.storyboard */; };
		552FB9F91FA33F6600ED2169 /* Project22Tests.swift in Sources */ = {isa = PBXBuildFile; fileRef = 552FB9F81FA33F6600ED2169 /* Project22Tests.swift */; };
/* End PBXBuildFile section */

/* Begin PBXContainerItemProxy section */
		552FB9F51FA33F6600ED2169 /* PBXContainerItemProxy */ = {
			isa = PBXContainerItemProxy;
			containerPortal = 552FB9D81FA33F6600ED2169 /* Project object */;
			proxyType = 1;
			remoteGlobalIDString = 552FB9DF1FA33F6600ED2169;
			remoteInfo = Project22;
		};
/* End PBXContainerItemProxy section */

/* Begin PBXFileReference section */
		552FB9E01FA33F6600ED2169 /* Project22.app */ = {isa = PBXFileReference; explicitFileType = wrapper.application; includeInIndex = 0; path = Project22.app; sourceTree = BUILT_PRODUCTS_DIR; };
		552FB9E31FA33F6600ED2169 /* AppDelegate.swift */ = {isa = PBXFileReference; lastKnownFileType = sourcecode.swift; path = AppDelegate.swift; sourceTree = "<group>"; };
		552FB9E51FA33F6600ED2169 /* ViewController.swift */ = {isa = PBXFileReference; lastKnownFileType = sourcecode.swift; path = ViewController.swift; sourceTree = "<group>"; };
		552FB9E81FA33F6600ED2169 /* Base */ = {isa = PBXFileReference; lastKnownFileType = file.storyboard; name = Base; path = Base.lproj/Main.storyboard; sourceTree = "<group>"; };
		552FB9EA1FA33F6600ED2169 /* Assets.xcassets */ = {isa = PBXFileReference; lastKnownFileType = folder.assetcatalog; path = Assets.xcassets; sourceTree = "<group>"; };
		552FB9ED1FA33F6600ED2169 /* Base */ = {isa = PBXFileReference; lastKnownFileType = file.storyboard; name = Base; path = Base.lproj/LaunchScreen.storyboard; sourceTree = "<group>"; };
		552FB9EF1FA33F6600ED2169 /* Info.plist */ = {isa = PBXFileReference; lastKnownFileType = text.plist.xml; path = Info.plist; sourceTree = "<group>"; };
		552FB9F41FA33F6600ED2169 /* Project22Tests.xctest */ = {isa = PBXFileReference; explicitFileType = wrapper.cfbundle; includeInIndex = 0; path = Project22Tests.xctest; sourceTree = BUILT_PRODUCTS_DIR; };
		552FB9F81FA33F6600ED2169 /* Project22Tests.swift */ = {isa = PBXFileReference; lastKnownFileType = sourcecode.swift; path = Project22Tests.swift; sourceTree = "<group>"; };
		552FB9FA1FA33F6600ED2169 /* Info.plist */ = {isa = PBXFileReference; lastKnownFileType = text.plist.xml; path = Info.plist; sourceTree = "<group>"; };
/* End PBXFileReference section */

/* Begin PBXFrameworksBuildPhase section */
		552FB9DD1FA33F6600ED2169 /* Frameworks */ = {
			isa = PBXFrameworksBuildPhase;
			buildActionMask = 2147483647;
			files = (
			);
			runOnlyForDeploymentPostprocessing = 0;
		};
		552FB9F11FA33F6600ED2169 /* Frameworks */ = {
			isa = PBXFrameworksBuildPhase;
			buildActionMask = 2147483647;
			files = (
			);
			runOnlyForDeploymentPostprocessing = 0;
		};
/* End PBXFrameworksBuildPhase section */

/* Begin PBXGroup section */
		552FB9D71FA33F6600ED2169 = {
			isa = PBXGroup;
			children = (
				552FB9E21FA33F6600ED2169 /* Project22 */,
				552FB9F71FA33F6600ED2169 /* Project22Tests */,
				552FB9E11FA33F6600ED2169 /* Products */,
			);
			sourceTree = "<group>";
		};
		552FB9E11FA33F6600ED2169 /* Products */ = {
			isa = PBXGroup;
			children = (
				552FB9E01FA33F6600ED2169 /* Project22.app */,
				552FB9F41FA33F6600ED2169 /* Project22Tests.xctest */,
			);
			name = Products;
			sourceTree = "<group>";
		};
		552FB9E21FA33F6600ED2169 /* Project22 */ = {
			isa = PBXGroup;
			children = (
				552FB9E31FA33F6600ED2169 /* AppDelegate.swift */,
				552FB9E51FA33F6600ED2169 /* ViewController.swift */,
				552FB9E71FA33F6600ED2169 /* Main.storyboard */,
				552FB9EA1FA33F6600ED2169 /* Assets.xcassets */,
				552FB9EC1FA33F6600ED2169 /* LaunchScreen.storyboard */,
				552FB9EF1FA33F6600ED2169 /* Info.plist */,
			);
			path = Project22;
			sourceTree = "<group>";
		};
		552FB9F71FA33F6600ED2169 /* Project22Tests */ = {
			isa = PBXGroup;
			children = (
				552FB9F81FA33F6600ED2169 /* Project22Tests.swift */,
				552FB9FA1FA33F6600ED2169 /* Info.plist */,
			);
			path = Project22Tests;
			sourceTree = "<group>";
		};
/* End PBXGroup section */

/* Begin PBXNativeTarget section */
		552FB9DF1FA33F6600ED2169 /* Project22 */ = {
			isa = PBXNativeTarget;
			buildConfigurationList = 552FB9FD1FA33F6600ED2169 /* Build configuration list for PBXNativeTarget "Project22" */;
			buildPhases = (
				552FB9DC1FA33F6600ED2169 /* Sources */,
				552FB9DD1FA33F6600ED2169 /* Frameworks */,
				552FB9DE1FA33F6600ED2169 /* Resources */,
			);
			buildRules = (
			);
			dependencies = (
			);
			name = Project22;
			productName = Project22;
			productReference = 552FB9E01FA33F6600ED2169 /* Project22.app */;
			productType = "com.apple.product-type.application";
		};
		552FB9F31FA33F6600ED2169 /* Project22Tests */ = {
			isa = PBXNativeTarget;
			buildConfigurationList = 552FBA001FA33F6600ED2169 /* Build configuration list for PBXNativeTarget "Project22Tests" */;
			buildPhases = (
				552FB9F01FA33F6600ED2169 /* Sources */,
				552FB9F11FA33F6600ED2169 /* Frameworks */,
				552FB9F21FA33F6600ED2169 /* Resources */,
			);
			buildRules = (
			);
			dependencies = (
				552FB9F61FA33F6600ED2169 /* PBXTargetDependency */,
			);
			name = Project22Tests;
			productName = Project22Tests;
			productReference = 552FB9F41FA33F6600ED2169 /* Project22Tests.xctest */;
			productType = "com.apple.product-type.bundle.unit-test";
		};
/* End PBXNativeTarget section */

/* Begin PBXProject section */
		552FB9D81FA33F6600ED2169 /* Project object */ = {
			isa = PBXProject;
			attributes = {
				LastSwiftUpdateCheck = 0900;
				LastUpgradeCheck = 0900;
				ORGANIZATIONNAME = "halloween-jack";
				TargetAttributes = {
					552FB9DF1FA33F6600ED2169 = {
						CreatedOnToolsVersion = 9.0.1;
						ProvisioningStyle = Automatic;
					};
					552FB9F31FA33F6600ED2169 = {
						CreatedOnToolsVersion = 9.0.1;
						ProvisioningStyle = Automatic;
						TestTargetID = 552FB9DF1FA33F6600ED2169;
					};
				};
			};
			buildConfigurationList = 552FB9DB1FA33F6600ED2169 /* Build configuration list for PBXProject "Project22" */;
			compatibilityVersion = "Xcode 8.0";
			developmentRegion = en;
			hasScannedForEncodings = 0;
			knownRegions = (
				en,
				Base,
			);
			mainGroup = 552FB9D71FA33F6600ED2169;
			productRefGroup = 552FB9E11FA33F6600ED2169 /* Products */;
			projectDirPath = "";
			projectRoot = "";
			targets = (
				552FB9DF1FA33F6600ED2169 /* Project22 */,
				552FB9F31FA33F6600ED2169 /* Project22Tests */,
			);
		};
/* End PBXProject section */

/* Begin PBXResourcesBuildPhase section */
		552FB9DE1FA33F6600ED2169 /* Resources */ = {
			isa = PBXResourcesBuildPhase;
			buildActionMask = 2147483647;
			files = (
				552FB9EE1FA33F6600ED2169 /* LaunchScreen.storyboard in Resources */,
				552FB9EB1FA33F6600ED2169 /* Assets.xcassets in Resources */,
				552FB9E91FA33F6600ED2169 /* Main.storyboard in Resources */,
			);
			runOnlyForDeploymentPostprocessing = 0;
		};
		552FB9F21FA33F6600ED2169 /* Resources */ = {
			isa = PBXResourcesBuildPhase;
			buildActionMask = 2147483647;
			files = (
			);
			runOnlyForDeploymentPostprocessing = 0;
		};
/* End PBXResourcesBuildPhase section */

/* Begin PBXSourcesBuildPhase section */
		552FB9DC1FA33F6600ED2169 /* Sources */ = {
			isa = PBXSourcesBuildPhase;
			buildActionMask = 2147483647;
			files = (
				552FB9E61FA33F6600ED2169 /* ViewController.swift in Sources */,
				552FB9E41FA33F6600ED2169 /* AppDelegate.swift in Sources */,
			);
			runOnlyForDeploymentPostprocessing = 0;
		};
		552FB9F01FA33F6600ED2169 /* Sources */ = {
			isa = PBXSourcesBuildPhase;
			buildActionMask = 2147483647;
			files = (
				552FB9F91FA33F6600ED2169 /* Project22Tests.swift in Sources */,
			);
			runOnlyForDeploymentPostprocessing = 0;
		};
/* End PBXSourcesBuildPhase section */

/* Begin PBXTargetDependency section */
		552FB9F61FA33F6600ED2169 /* PBXTargetDependency */ = {
			isa = PBXTargetDependency;
			target = 552FB9DF1FA33F6600ED2169 /* Project22 */;
			targetProxy = 552FB9F51FA33F6600ED2169 /* PBXContainerItemProxy */;
		};
/* End PBXTargetDependency section */

/* Begin PBXVariantGroup section */
		552FB9E71FA33F6600ED2169 /* Main.storyboard */ = {
			isa = PBXVariantGroup;
			children = (
				552FB9E81FA33F6600ED2169 /* Base */,
			);
			name = Main.storyboard;
			sourceTree = "<group>";
		};
		552FB9EC1FA33F6600ED2169 /* LaunchScreen.storyboard */ = {
			isa = PBXVariantGroup;
			children = (
				552FB9ED1FA33F6600ED2169 /* Base */,
			);
			name = LaunchScreen.storyboard;
			sourceTree = "<group>";
		};
/* End PBXVariantGroup section */

/* Begin XCBuildConfiguration section */
		552FB9FB1FA33F6600ED2169 /* Debug */ = {
			isa = XCBuildConfiguration;
			buildSettings = {
				ALWAYS_SEARCH_USER_PATHS = NO;
				CLANG_ANALYZER_NONNULL = YES;
				CLANG_ANALYZER_NUMBER_OBJECT_CONVERSION = YES_AGGRESSIVE;
				CLANG_CXX_LANGUAGE_STANDARD = "gnu++14";
				CLANG_CXX_LIBRARY = "libc++";
				CLANG_ENABLE_MODULES = YES;
				CLANG_ENABLE_OBJC_ARC = YES;
				CLANG_WARN_BLOCK_CAPTURE_AUTORELEASING = YES;
				CLANG_WARN_BOOL_CONVERSION = YES;
				CLANG_WARN_COMMA = YES;
				CLANG_WARN_CONSTANT_CONVERSION = YES;
				CLANG_WARN_DIRECT_OBJC_ISA_USAGE = YES_ERROR;
				CLANG_WARN_DOCUMENTATION_COMMENTS = YES;
				CLANG_WARN_EMPTY_BODY = YES;
				CLANG_WARN_ENUM_CONVERSION = YES;
				CLANG_WARN_INFINITE_RECURSION = YES;
				CLANG_WARN_INT_CONVERSION = YES;
				CLANG_WARN_NON_LITERAL_NULL_CONVERSION = YES;
				CLANG_WARN_OBJC_LITERAL_CONVERSION = YES;
				CLANG_WARN_OBJC_ROOT_CLASS = YES_ERROR;
				CLANG_WARN_RANGE_LOOP_ANALYSIS = YES;
				CLANG_WARN_STRICT_PROTOTYPES = YES;
				CLANG_WARN_SUSPICIOUS_MOVE = YES;
				CLANG_WARN_UNGUARDED_AVAILABILITY = YES_AGGRESSIVE;
				CLANG_WARN_UNREACHABLE_CODE = YES;
				CLANG_WARN__DUPLICATE_METHOD_MATCH = YES;
				CODE_SIGN_IDENTITY = "iPhone Developer";
				COPY_PHASE_STRIP = NO;
				DEBUG_INFORMATION_FORMAT = dwarf;
				ENABLE_STRICT_OBJC_MSGSEND = YES;
				ENABLE_TESTABILITY = YES;
				GCC_C_LANGUAGE_STANDARD = gnu11;
				GCC_DYNAMIC_NO_PIC = NO;
				GCC_NO_COMMON_BLOCKS = YES;
				GCC_OPTIMIZATION_LEVEL = 0;
				GCC_PREPROCESSOR_DEFINITIONS = (
					"DEBUG=1",
					"$(inherited)",
				);
				GCC_WARN_64_TO_32_BIT_CONVERSION = YES;
				GCC_WARN_ABOUT_RETURN_TYPE = YES_ERROR;
				GCC_WARN_UNDECLARED_SELECTOR = YES;
				GCC_WARN_UNINITIALIZED_AUTOS = YES_AGGRESSIVE;
				GCC_WARN_UNUSED_FUNCTION = YES;
				GCC_WARN_UNUSED_VARIABLE = YES;
				IPHONEOS_DEPLOYMENT_TARGET = 11.0;
				MTL_ENABLE_DEBUG_INFO = YES;
				ONLY_ACTIVE_ARCH = YES;
				SDKROOT = iphoneos;
				SWIFT_ACTIVE_COMPILATION_CONDITIONS = DEBUG;
				SWIFT_OPTIMIZATION_LEVEL = "-Onone";
			};
			name = Debug;
		};
		552FB9FC1FA33F6600ED2169 /* Release */ = {
			isa = XCBuildConfiguration;
			buildSettings = {
				ALWAYS_SEARCH_USER_PATHS = NO;
				CLANG_ANALYZER_NONNULL = YES;
				CLANG_ANALYZER_NUMBER_OBJECT_CONVERSION = YES_AGGRESSIVE;
				CLANG_CXX_LANGUAGE_STANDARD = "gnu++14";
				CLANG_CXX_LIBRARY = "libc++";
				CLANG_ENABLE_MODULES = YES;
				CLANG_ENABLE_OBJC_ARC = YES;
				CLANG_WARN_BLOCK_CAPTURE_AUTORELEASING = YES;
				CLANG_WARN_BOOL_CONVERSION = YES;
				CLANG_WARN_COMMA = YES;
				CLANG_WARN_CONSTANT_CONVERSION = YES;
				CLANG_WARN_DIRECT_OBJC_ISA_USAGE = YES_ERROR;
				CLANG_WARN_DOCUMENTATION_COMMENTS = YES;
				CLANG_WARN_EMPTY_BODY = YES;
				CLANG_WARN_ENUM_CONVERSION = YES;
				CLANG_WARN_INFINITE_RECURSION = YES;
				CLANG_WARN_INT_CONVERSION = YES;
				CLANG_WARN_NON_LITERAL_NULL_CONVERSION = YES;
				CLANG_WARN_OBJC_LITERAL_CONVERSION = YES;
				CLANG_WARN_OBJC_ROOT_CLASS = YES_ERROR;
				CLANG_WARN_RANGE_LOOP_ANALYSIS = YES;
				CLANG_WARN_STRICT_PROTOTYPES = YES;
				CLANG_WARN_SUSPICIOUS_MOVE = YES;
				CLANG_WARN_UNGUARDED_AVAILABILITY = YES_AGGRESSIVE;
				CLANG_WARN_UNREACHABLE_CODE = YES;
				CLANG_WARN__DUPLICATE_METHOD_MATCH = YES;
				CODE_SIGN_IDENTITY = "iPhone Developer";
				COPY_PHASE_STRIP = NO;
				DEBUG_INFORMATION_FORMAT = "dwarf-with-dsym";
				ENABLE_NS_ASSERTIONS = NO;
				ENABLE_STRICT_OBJC_MSGSEND = YES;
				GCC_C_LANGUAGE_STANDARD = gnu11;
				GCC_NO_COMMON_BLOCKS = YES;
				GCC_WARN_64_TO_32_BIT_CONVERSION = YES;
				GCC_WARN_ABOUT_RETURN_TYPE = YES_ERROR;
				GCC_WARN_UNDECLARED_SELECTOR = YES;
				GCC_WARN_UNINITIALIZED_AUTOS = YES_AGGRESSIVE;
				GCC_WARN_UNUSED_FUNCTION = YES;
				GCC_WARN_UNUSED_VARIABLE = YES;
				IPHONEOS_DEPLOYMENT_TARGET = 11.0;
				MTL_ENABLE_DEBUG_INFO = NO;
				SDKROOT = iphoneos;
				SWIFT_OPTIMIZATION_LEVEL = "-Owholemodule";
				VALIDATE_PRODUCT = YES;
			};
			name = Release;
		};
		552FB9FE1FA33F6600ED2169 /* Debug */ = {
			isa = XCBuildConfiguration;
			buildSettings = {
				ASSETCATALOG_COMPILER_APPICON_NAME = AppIcon;
				CODE_SIGN_STYLE = Automatic;
				INFOPLIST_FILE = Project22/Info.plist;
				LD_RUNPATH_SEARCH_PATHS = "$(inherited) @executable_path/Frameworks";
				PRODUCT_BUNDLE_IDENTIFIER = com.example.Project22;
				PRODUCT_NAME = "$(TARGET_NAME)";
				SWIFT_VERSION = 4.0;
				TARGETED_DEVICE_FAMILY = "1,2";
			};
			name = Debug;
		};
		552FB9FF1FA33F6600ED2169 /* Release */ = {
			isa = XCBuildConfiguration;
			buildSettings = {
				ASSETCATALOG_COMPILER_APPICON_NAME = AppIcon;
				CODE_SIGN_STYLE = Automatic;
				INFOPLIST_FILE = Project22/Info.plist;
				LD_RUNPATH_SEARCH_PATHS = "$(inherited) @executable_path/Frameworks";
				PRODUCT_BUNDLE_IDENTIFIER = com.example.Project22;
				PRODUCT_NAME = "$(TARGET_NAME)";
				SWIFT_VERSION = 4.0;
				TARGETED_DEVICE_FAMILY = "1,2";
			};
			name = Release;
		};
		552FBA011FA33F6600ED2169 /* Debug */ = {
			isa = XCBuildConfiguration;
			buildSettings = {
				ALWAYS_EMBED_SWIFT_STANDARD_LIBRARIES = YES;
				BUNDLE_LOADER = "$(TEST_HOST)";
				CODE_SIGN_STYLE = Automatic;
				INFOPLIST_FILE = Project22Tests/Info.plist;
				LD_RUNPATH_SEARCH_PATHS = "$(inherited) @executable_path/Frameworks @loader_path/Frameworks";
				PRODUCT_BUNDLE_IDENTIFIER = com.example.Project22Tests;
				PRODUCT_NAME = "$(TARGET_NAME)";
				SWIFT_VERSION = 4.0;
				TARGETED_DEVICE_FAMILY = "1,2";
				TEST_HOST = "$(BUILT_PRODUCTS_DIR)/Project22.app/Project22";
			};
			name = Debug;
		};
		552FBA021FA33F6600ED2169 /* Release */ = {
			isa = XCBuildConfiguration;
			buildSettings = {
				ALWAYS_EMBED_SWIFT_STANDARD_LIBRARIES = YES;
				BUNDLE_LOADER = "$(TEST_HOST)";
				CODE_SIGN_STYLE = Automatic;
				INFOPLIST_FILE = Project22Tests/Info.plist;
				LD_RUNPATH_SEARCH_PATHS = "$(inherited) @executable_path/Frameworks @loader_path/Frameworks";
				PRODUCT_BUNDLE_IDENTIFIER = com.example.Project22Tests;
				PRODUCT_NAME = "$(TARGET_NAME)";
				SWIFT_VERSION = 4.0;
				TARGETED_DEVICE_FAMILY = "1,2";
				TEST_HOST = "$(BUILT_PRODUCTS_DIR)/Project22.app/Project22";
			};
			name = Release;
		};
/* End XCBuildConfiguration section */

/* Begin XCConfigurationList section */
		552FB9DB1FA33F6600ED2169 /* Build configuration list for PBXProject "Project22" */ = {
			isa = XCConfigurationList;
			buildConfigurations = (
				552FB9FB1FA33F6600ED2169 /* Debug */,
				552FB9FC1FA33F6600ED2169 /* Release */,
			);
			defaultConfigurationIsVisible = 0;
			defaultConfigurationName = Release;
		};
		552FB9FD1FA33F6600ED2169 /* Build configuration list for PBXNativeTarget "Project22" */ = {
			isa = XCConfigurationList;
			buildConfigurations = (
				552FB9FE1FA33F6600ED2169 /* Debug */,
				552FB9FF1FA33F6600ED2169 /* Release */,
			);
			defaultConfigurationIsVisible = 0;
			defaultConfigurationName = Release;
		};
		552FBA001FA33F6600ED2169 /* Build configuration list for PBXNativeTarget "Project22Tests" */ = {
			isa = XCConfigurationList;
			buildConfigurations = (
				552FBA011FA33F6600ED2169 /* Debug */,
				552FBA021FA33F6600ED2169 /* Release */,
			);
			defaultConfigurationIsVisible = 0;
			defaultConfigurationName = Release;
		};
/* End XCConfigurationList section */
	};
	rootObject = 552FB9D81FA33F6600ED2169 /* Project object */;
}
